
Microsoft Visual Studio Solution File, Format Version 12.00
# Visual Studio Version 16
VisualStudioVersion = 16.0.810.8
MinimumVisualStudioVersion = 10.0.40219.1
Project("{FAE04EC0-301F-11D3-BF4B-00C04F79EFBC}") = "ContosoCrafts.Website", "ContosoCrafts.Website\ContosoCrafts.Website.csproj", "{E04C651B-6ECD-480E-80A8-4026115AB20F}"
EndProject
Global
	GlobalSection(SolutionConfigurationPlatforms) = preSolution
		Debug|Any CPU = Debug|Any CPU
		Release|Any CPU = Release|Any CPU
	EndGlobalSection
	GlobalSection(ProjectConfigurationPlatforms) = postSolution
		{E04C651B-6ECD-480E-80A8-4026115AB20F}.Debug|Any CPU.ActiveCfg = Debug|Any CPU
		{E04C651B-6ECD-480E-80A8-4026115AB20F}.Debug|Any CPU.Build.0 = Debug|Any CPU
		{E04C651B-6ECD-480E-80A8-4026115AB20F}.Release|Any CPU.ActiveCfg = Release|Any CPU
		{E04C651B-6ECD-480E-80A8-4026115AB20F}.Release|Any CPU.Build.0 = Release|Any CPU
	EndGlobalSection
	GlobalSection(SolutionProperties) = preSolution
		HideSolutionNode = FALSE
	EndGlobalSection
	GlobalSection(ExtensibilityGlobals) = postSolution
		SolutionGuid = {C12013AB-BFD1-4033-AABF-4AFE1493C27D}
	EndGlobalSection
EndGlobal
